
Microsoft Visual Studio Solution File, Format Version 12.00
# Visual Studio Version 16
VisualStudioVersion = 16.0.29911.84
MinimumVisualStudioVersion = 10.0.40219.1
Project("{FAE04EC0-301F-11D3-BF4B-00C04F79EFBC}") = "atividade 4 - POO", "atividade 4 - POO\atividade 4 - POO.csproj", "{FBA81E7E-58B2-41F1-B681-687B205FD7DE}"
EndProject
Global
	GlobalSection(SolutionConfigurationPlatforms) = preSolution
		Debug|Any CPU = Debug|Any CPU
		Release|Any CPU = Release|Any CPU
	EndGlobalSection
	GlobalSection(ProjectConfigurationPlatforms) = postSolution
		{FBA81E7E-58B2-41F1-B681-687B205FD7DE}.Debug|Any CPU.ActiveCfg = Debug|Any CPU
		{FBA81E7E-58B2-41F1-B681-687B205FD7DE}.Debug|Any CPU.Build.0 = Debug|Any CPU
		{FBA81E7E-58B2-41F1-B681-687B205FD7DE}.Release|Any CPU.ActiveCfg = Release|Any CPU
		{FBA81E7E-58B2-41F1-B681-687B205FD7DE}.Release|Any CPU.Build.0 = Release|Any CPU
	EndGlobalSection
	GlobalSection(SolutionProperties) = preSolution
		HideSolutionNode = FALSE
	EndGlobalSection
	GlobalSection(ExtensibilityGlobals) = postSolution
		SolutionGuid = {A26CCA2C-CEB6-440E-9A8D-F062C448BEDA}
	EndGlobalSection
EndGlobal
